# This file is automatically @generated by Wally.
# It is not intended for manual editing.
registry = "test"

[[package]]
name = "centau/vide"
version = "0.4.0"
dependencies = []

[[package]]
name = "evaera/promise"
version = "4.0.0"
dependencies = []

[[package]]
name = "icymizu/chickengame"
version = "0.1.0"
dependencies = [["Charm", "littensy/charm@0.10.0"], ["Promise", "evaera/promise@4.0.0"], ["Signal", "sleitnick/signal@2.0.3"], ["packet", "ivasmigins/packet@0.1.0"], ["promise", "evaera/promise@4.0.0"], ["topbarplus", "virtualbutfake/topbarplus@3.0.5"], ["vide", "centau/vide@0.4.0"], ["profilestore", "lm-loleris/profilestore@1.0.3"]]

[[package]]
name = "ivasmigins/packet"
version = "0.1.0"
dependencies = []

[[package]]
name = "littensy/charm"
version = "0.10.0"
dependencies = []

[[package]]
name = "lm-loleris/profilestore"
version = "1.0.3"
dependencies = []

[[package]]
name = "sleitnick/signal"
version = "2.0.3"
dependencies = []

[[package]]
name = "virtualbutfake/topbarplus"
version = "3.0.5"
dependencies = []
